
Microsoft Visual Studio Solution File, Format Version 12.00
# Visual Studio Version 17
VisualStudioVersion = 17.14.36811.4 d17.14
MinimumVisualStudioVersion = 10.0.40219.1
Project("{FAE04EC0-301F-11D3-BF4B-00C04F79EFBC}") = "Personel", "Personel\Personel.csproj", "{3D8F3C81-1A53-4949-95F4-FC0302ABBCB8}"
EndProject
Global
	GlobalSection(SolutionConfigurationPlatforms) = preSolution
		Debug|Any CPU = Debug|Any CPU
		Release|Any CPU = Release|Any CPU
	EndGlobalSection
	GlobalSection(ProjectConfigurationPlatforms) = postSolution
		{3D8F3C81-1A53-4949-95F4-FC0302ABBCB8}.Debug|Any CPU.ActiveCfg = Debug|Any CPU
		{3D8F3C81-1A53-4949-95F4-FC0302ABBCB8}.Debug|Any CPU.Build.0 = Debug|Any CPU
		{3D8F3C81-1A53-4949-95F4-FC0302ABBCB8}.Release|Any CPU.ActiveCfg = Release|Any CPU
		{3D8F3C81-1A53-4949-95F4-FC0302ABBCB8}.Release|Any CPU.Build.0 = Release|Any CPU
	EndGlobalSection
	GlobalSection(SolutionProperties) = preSolution
		HideSolutionNode = FALSE
	EndGlobalSection
	GlobalSection(ExtensibilityGlobals) = postSolution
		SolutionGuid = {19B8DBE5-BDA9-47E2-8FF6-C2B6B6CE34CB}
	EndGlobalSection
EndGlobal
